
Microsoft Visual Studio Solution File, Format Version 12.00
# Visual Studio 15
VisualStudioVersion = 15.0.27130.2010
MinimumVisualStudioVersion = 10.0.40219.1
Project("{FAE04EC0-301F-11D3-BF4B-00C04F79EFBC}") = "Factory Pattern", "Factory Pattern\Factory Pattern.csproj", "{FB896A7D-BABC-4F71-B217-8238C7457CB8}"
EndProject
Project("{FAE04EC0-301F-11D3-BF4B-00C04F79EFBC}") = "TestBuild", "..\New folder\TestBuild\TestBuild.csproj", "{4226ECF7-1CB9-4557-930C-1F39D8F881EA}"
EndProject
Global
	GlobalSection(SolutionConfigurationPlatforms) = preSolution
		Debug|Any CPU = Debug|Any CPU
		Release|Any CPU = Release|Any CPU
	EndGlobalSection
	GlobalSection(ProjectConfigurationPlatforms) = postSolution
		{FB896A7D-BABC-4F71-B217-8238C7457CB8}.Debug|Any CPU.ActiveCfg = Debug|Any CPU
		{FB896A7D-BABC-4F71-B217-8238C7457CB8}.Debug|Any CPU.Build.0 = Debug|Any CPU
		{FB896A7D-BABC-4F71-B217-8238C7457CB8}.Release|Any CPU.ActiveCfg = Release|Any CPU
		{FB896A7D-BABC-4F71-B217-8238C7457CB8}.Release|Any CPU.Build.0 = Release|Any CPU
		{4226ECF7-1CB9-4557-930C-1F39D8F881EA}.Debug|Any CPU.ActiveCfg = Debug|Any CPU
		{4226ECF7-1CB9-4557-930C-1F39D8F881EA}.Debug|Any CPU.Build.0 = Debug|Any CPU
		{4226ECF7-1CB9-4557-930C-1F39D8F881EA}.Release|Any CPU.ActiveCfg = Release|Any CPU
		{4226ECF7-1CB9-4557-930C-1F39D8F881EA}.Release|Any CPU.Build.0 = Release|Any CPU
	EndGlobalSection
	GlobalSection(SolutionProperties) = preSolution
		HideSolutionNode = FALSE
	EndGlobalSection
	GlobalSection(ExtensibilityGlobals) = postSolution
		SolutionGuid = {1B0B3A90-0BB8-4DE3-9BBD-94376C95277F}
	EndGlobalSection
EndGlobal
